{
  "nodes": {
    "nixpkgs": {
      "locked": {
        "lastModified": 1665259268,
        "narHash": "sha256-ONFhHBLv5nZKhwV/F2GOH16197PbvpyWhoO0AOyktkU=",
        "owner": "NixOS",
        "repo": "nixpkgs",
        "rev": "c5924154f000e6306030300592f4282949b2db6c",
        "type": "github"
      },
      "original": {
        "owner": "NixOS",
        "ref": "nixos-unstable",
        "repo": "nixpkgs",
        "type": "github"
      }
    },
    "pnpm2nix": {
      "flake": false,
      "locked": {
        "lastModified": 1665444646,
        "narHash": "sha256-WKow+1pzXH349aGvFFSB9YJhYigdfhZ5EBoFrZVVhK0=",
        "owner": "pupbrained",
        "repo": "pnpm2nix",
        "rev": "5221f0f456705cbd760fb1bfbf0cb6f1630bf039",
        "type": "github"
      },
      "original": {
        "owner": "pupbrained",
        "repo": "pnpm2nix",
        "type": "github"
      }
    },
    "root": {
      "inputs": {
        "nixpkgs": "nixpkgs",
        "pnpm2nix": "pnpm2nix"
      }
    }
  },
  "root": "root",
  "version": 7
}
