{
  "nodes": {
    "nixpkgs": {
      "locked": {
        "lastModified": 1666447894,
        "narHash": "sha256-i9WHX4w/et4qPMzEXd9POmnO0/bthjr7R4cblKNHGms=",
        "owner": "NixOS",
        "repo": "nixpkgs",
        "rev": "95aeaf83c247b8f5aa561684317ecd860476fcd6",
        "type": "github"
      },
      "original": {
        "owner": "NixOS",
        "ref": "nixos-unstable",
        "repo": "nixpkgs",
        "type": "github"
      }
    },
    "pnpm2nix": {
      "flake": false,
      "locked": {
        "lastModified": 1665536101,
        "narHash": "sha256-XkCpp7jmeP2jhlrBWtPe9/C3nTHbgVENPMqCL56r6I4=",
        "owner": "pupbrained",
        "repo": "pnpm2nix",
        "rev": "d83de7d4c76b358e12a0e8a908dc956efed7f034",
        "type": "github"
      },
      "original": {
        "owner": "pupbrained",
        "repo": "pnpm2nix",
        "type": "github"
      }
    },
    "root": {
      "inputs": {
        "nixpkgs": "nixpkgs",
        "pnpm2nix": "pnpm2nix"
      }
    }
  },
  "root": "root",
  "version": 7
}
