{
    "name": "companion-bridge",
    "version": "1.0.0",
    "lockfileVersion": 3,
    "requires": true,
    "packages": {
        "": {
            "name": "companion-bridge",
            "version": "1.0.0",
            "license": "GPL-3.0-or-later",
            "dependencies": {
                "node-global-key-listener": "^0.3.0",
                "ws": "^8.18.3"
            }
        },
        "node_modules/node-global-key-listener": {
            "version": "0.3.0",
            "resolved": "https://registry.npmjs.org/node-global-key-listener/-/node-global-key-listener-0.3.0.tgz",
            "integrity": "sha512-yWB1OFrDlzXYm3+hYcE8xOscvclpBAQGXcBnc2ytenFLkZfxFipuCwhuIIlIKVtwBuDRkdXJVZMqN99cPVBFFA==",
            "dependencies": {
                "sudo-prompt": "^9.2.1"
            }
        },
        "node_modules/sudo-prompt": {
            "version": "9.2.1",
            "resolved": "https://registry.npmjs.org/sudo-prompt/-/sudo-prompt-9.2.1.tgz",
            "integrity": "sha512-Mu7R0g4ig9TUuGSxJavny5Rv0egCEtpZRNMrZaYS1vxkiIxGiGUwoezU3LazIQ+KE04hTrTfNPgxU5gzi7F5Pw==",
            "deprecated": "Package no longer supported. Contact Support at https://www.npmjs.com/support for more info."
        },
        "node_modules/ws": {
            "version": "8.19.0",
            "resolved": "https://registry.npmjs.org/ws/-/ws-8.19.0.tgz",
            "integrity": "sha512-blAT2mjOEIi0ZzruJfIhb3nps74PRWTCz1IjglWEEpQl5XS/UNama6u2/rjFkDDouqr4L67ry+1aGIALViWjDg==",
            "engines": {
                "node": ">=10.0.0"
            },
            "peerDependencies": {
                "bufferutil": "^4.0.1",
                "utf-8-validate": ">=5.0.2"
            },
            "peerDependenciesMeta": {
                "bufferutil": {
                    "optional": true
                },
                "utf-8-validate": {
                    "optional": true
                }
            }
        }
    }
}
